Microsoft Visual Studio Solution File, Format Version 12.00
# Visual Studio Version 17
VisualStudioVersion = 17.11.35327.3
MinimumVisualStudioVersion = 10.0.40219.1
Project("{9A19103F-16F7-4668-BE54-9A1E7A4F7556}") = "NTRegistry", "NtRegistry\NTRegistry.csproj", "{10836166-2498-4728-8F18-EF948531915C}"
EndProject
Global
	GlobalSection(SolutionConfigurationPlatforms) = preSolution
		Debug|Any CPU = Debug|Any CPU
		Debug|Mixed Platforms = Debug|Mixed Platforms
		Debug|x86 = Debug|x86
		Release|Any CPU = Release|Any CPU
		Release|Mixed Platforms = Release|Mixed Platforms
		Release|x86 = Release|x86
	EndGlobalSection
	GlobalSection(ProjectConfigurationPlatforms) = postSolution
		{10836166-2498-4728-8F18-EF948531915C}.Debug|Any CPU.ActiveCfg = Debug|Any CPU
		{10836166-2498-4728-8F18-EF948531915C}.Debug|Any CPU.Build.0 = Debug|Any CPU
		{10836166-2498-4728-8F18-EF948531915C}.Debug|Mixed Platforms.ActiveCfg = Debug|Any CPU
		{10836166-2498-4728-8F18-EF948531915C}.Debug|Mixed Platforms.Build.0 = Debug|Any CPU
		{10836166-2498-4728-8F18-EF948531915C}.Debug|x86.ActiveCfg = Debug|Any CPU
		{10836166-2498-4728-8F18-EF948531915C}.Release|Any CPU.ActiveCfg = Release|Any CPU
		{10836166-2498-4728-8F18-EF948531915C}.Release|Any CPU.Build.0 = Release|Any CPU
		{10836166-2498-4728-8F18-EF948531915C}.Release|Mixed Platforms.ActiveCfg = Release|Any CPU
		{10836166-2498-4728-8F18-EF948531915C}.Release|Mixed Platforms.Build.0 = Release|Any CPU
		{10836166-2498-4728-8F18-EF948531915C}.Release|x86.ActiveCfg = Release|Any CPU
	EndGlobalSection
	GlobalSection(SolutionProperties) = preSolution
		HideSolutionNode = FALSE
	EndGlobalSection
EndGlobal
